{
    "_readme": [
        "This file locks the dependencies of your project to a known state",
        "Read more about it at https://getcomposer.org/doc/01-basic-usage.md#installing-dependencies",
        "This file is @generated automatically"
    ],
    "content-hash": "5e7bb19d36acbd0681e6b1e320f0ec55",
    "packages": [
        {
            "name": "nazar/loging",
            "version": "dev-master",
            "source": {
                "type": "git",
                "url": "https://github.com/Kaminazer/SimpleLogger.git",
                "reference": "77fe106e69131031ae797b11779e718de26db2ed"
            },
            "dist": {
                "type": "zip",
                "url": "https://api.github.com/repos/Kaminazer/SimpleLogger/zipball/77fe106e69131031ae797b11779e718de26db2ed",
                "reference": "77fe106e69131031ae797b11779e718de26db2ed",
                "shasum": ""
            },
            "require": {
                "psr/log": "^3.0@dev"
            },
            "default-branch": true,
            "type": "library",
            "autoload": {
                "psr-4": {
                    "Logging\\": "src"
                }
            },
            "notification-url": "https://packagist.org/downloads/",
            "license": [
                "MIT"
            ],
            "authors": [
                {
                    "name": "Nazarii Korol",
                    "email": "nazarkorol3684@gmail.com"
                }
            ],
            "description": "Simple loger",
            "support": {
                "issues": "https://github.com/Kaminazer/SimpleLogger/issues",
                "source": "https://github.com/Kaminazer/SimpleLogger/tree/master"
            },
            "time": "2023-05-25T15:05:33+00:00"
        },
        {
            "name": "psr/log",
            "version": "dev-master",
            "source": {
                "type": "git",
                "url": "https://github.com/php-fig/log.git",
                "reference": "fe5ea303b0887d5caefd3d431c3e61ad47037001"
            },
            "dist": {
                "type": "zip",
                "url": "https://api.github.com/repos/php-fig/log/zipball/fe5ea303b0887d5caefd3d431c3e61ad47037001",
                "reference": "fe5ea303b0887d5caefd3d431c3e61ad47037001",
                "shasum": ""
            },
            "require": {
                "php": ">=8.0.0"
            },
            "default-branch": true,
            "type": "library",
            "extra": {
                "branch-alias": {
                    "dev-master": "3.x-dev"
                }
            },
            "autoload": {
                "psr-4": {
                    "Psr\\Log\\": "src"
                }
            },
            "notification-url": "https://packagist.org/downloads/",
            "license": [
                "MIT"
            ],
            "authors": [
                {
                    "name": "PHP-FIG",
                    "homepage": "https://www.php-fig.org/"
                }
            ],
            "description": "Common interface for logging libraries",
            "homepage": "https://github.com/php-fig/log",
            "keywords": [
                "log",
                "psr",
                "psr-3"
            ],
            "support": {
                "source": "https://github.com/php-fig/log/tree/3.0.0"
            },
            "time": "2021-07-14T16:46:02+00:00"
        }
    ],
    "packages-dev": [],
    "aliases": [],
    "minimum-stability": "dev",
    "stability-flags": {
        "psr/log": 20,
        "nazar/loging": 20
    },
    "prefer-stable": false,
    "prefer-lowest": false,
    "platform": [],
    "platform-dev": [],
    "plugin-api-version": "2.3.0"
}
